{
  "name": "prices.qrk",
  "version": "1.0.0",
  "lockfileVersion": 1,
  "requires": true,
  "dependencies": {
    "@types/node": {
      "version": "12.6.3",
      "resolved": "https://registry.npmjs.org/@types/node/-/node-12.6.3.tgz",
      "integrity": "sha512-7TEYTQT1/6PP53NftXXabIZDaZfaoBdeBm8Md/i7zsWRoBe0YwOXguyK8vhHs8ehgB/w9U4K/6EWuTyp0W6nIA=="
    },
    "@types/papaparse": {
      "version": "5.0.0",
      "resolved": "https://registry.npmjs.org/@types/papaparse/-/papaparse-5.0.0.tgz",
      "integrity": "sha512-JxYinxHA59+Vk3H61fjrPp1v0tjeT+WcyL/TGYDzmiig8125ndlbI5c6ZKVEaXQbsU8RF3TyCvH7tWsG2bI/Nw==",
      "requires": {
        "@types/node": "*"
      }
    },
    "papaparse": {
      "version": "5.0.0",
      "resolved": "https://registry.npmjs.org/papaparse/-/papaparse-5.0.0.tgz",
      "integrity": "sha512-gCqNseOMB5RInYXR051oWfCIZZI9ldhijkeMj0kNYLpE/hSRLHaW8ctoK4h3IuS1v8l+PovsV96LjXtgmzHRxA=="
    }
  }
}
